
Microsoft Visual Studio Solution File, Format Version 12.00
# Visual Studio Version 17
VisualStudioVersion = 17.3.32929.385
MinimumVisualStudioVersion = 10.0.40219.1
Project("{FAE04EC0-301F-11D3-BF4B-00C04F79EFBC}") = "W2L4E1", "W2L4E1\W2L4E1.csproj", "{5FE10DC2-8203-44D2-89EF-E0B3681DF122}"
EndProject
Global
	GlobalSection(SolutionConfigurationPlatforms) = preSolution
		Debug|Any CPU = Debug|Any CPU
		Release|Any CPU = Release|Any CPU
	EndGlobalSection
	GlobalSection(ProjectConfigurationPlatforms) = postSolution
		{5FE10DC2-8203-44D2-89EF-E0B3681DF122}.Debug|Any CPU.ActiveCfg = Debug|Any CPU
		{5FE10DC2-8203-44D2-89EF-E0B3681DF122}.Debug|Any CPU.Build.0 = Debug|Any CPU
		{5FE10DC2-8203-44D2-89EF-E0B3681DF122}.Release|Any CPU.ActiveCfg = Release|Any CPU
		{5FE10DC2-8203-44D2-89EF-E0B3681DF122}.Release|Any CPU.Build.0 = Release|Any CPU
	EndGlobalSection
	GlobalSection(SolutionProperties) = preSolution
		HideSolutionNode = FALSE
	EndGlobalSection
	GlobalSection(ExtensibilityGlobals) = postSolution
		SolutionGuid = {29A339DD-E60B-441C-B12E-70344B2C6546}
	EndGlobalSection
EndGlobal
