
Microsoft Visual Studio Solution File, Format Version 12.00
# Visual Studio Version 17
VisualStudioVersion = 17.3.32929.385
MinimumVisualStudioVersion = 10.0.40219.1
Project("{FAE04EC0-301F-11D3-BF4B-00C04F79EFBC}") = "W2L7E10", "W2L7E10\W2L7E10.csproj", "{8076489B-4395-4F85-B60A-FE36B5C362E6}"
EndProject
Global
	GlobalSection(SolutionConfigurationPlatforms) = preSolution
		Debug|Any CPU = Debug|Any CPU
		Release|Any CPU = Release|Any CPU
	EndGlobalSection
	GlobalSection(ProjectConfigurationPlatforms) = postSolution
		{8076489B-4395-4F85-B60A-FE36B5C362E6}.Debug|Any CPU.ActiveCfg = Debug|Any CPU
		{8076489B-4395-4F85-B60A-FE36B5C362E6}.Debug|Any CPU.Build.0 = Debug|Any CPU
		{8076489B-4395-4F85-B60A-FE36B5C362E6}.Release|Any CPU.ActiveCfg = Release|Any CPU
		{8076489B-4395-4F85-B60A-FE36B5C362E6}.Release|Any CPU.Build.0 = Release|Any CPU
	EndGlobalSection
	GlobalSection(SolutionProperties) = preSolution
		HideSolutionNode = FALSE
	EndGlobalSection
	GlobalSection(ExtensibilityGlobals) = postSolution
		SolutionGuid = {97F90D4C-DE81-4777-839B-8A9485C0120E}
	EndGlobalSection
EndGlobal
