
Microsoft Visual Studio Solution File, Format Version 12.00
# Visual Studio Version 17
VisualStudioVersion = 17.3.32929.385
MinimumVisualStudioVersion = 10.0.40219.1
Project("{FAE04EC0-301F-11D3-BF4B-00C04F79EFBC}") = "W2L4E4", "W2L4E4\W2L4E4.csproj", "{5173196C-F438-4194-BF24-5A694253FDC6}"
EndProject
Global
	GlobalSection(SolutionConfigurationPlatforms) = preSolution
		Debug|Any CPU = Debug|Any CPU
		Release|Any CPU = Release|Any CPU
	EndGlobalSection
	GlobalSection(ProjectConfigurationPlatforms) = postSolution
		{5173196C-F438-4194-BF24-5A694253FDC6}.Debug|Any CPU.ActiveCfg = Debug|Any CPU
		{5173196C-F438-4194-BF24-5A694253FDC6}.Debug|Any CPU.Build.0 = Debug|Any CPU
		{5173196C-F438-4194-BF24-5A694253FDC6}.Release|Any CPU.ActiveCfg = Release|Any CPU
		{5173196C-F438-4194-BF24-5A694253FDC6}.Release|Any CPU.Build.0 = Release|Any CPU
	EndGlobalSection
	GlobalSection(SolutionProperties) = preSolution
		HideSolutionNode = FALSE
	EndGlobalSection
	GlobalSection(ExtensibilityGlobals) = postSolution
		SolutionGuid = {6EA01171-5294-487C-8645-D47276CEB247}
	EndGlobalSection
EndGlobal
