
Microsoft Visual Studio Solution File, Format Version 12.00
# Visual Studio Version 17
VisualStudioVersion = 17.3.32929.385
MinimumVisualStudioVersion = 10.0.40219.1
Project("{FAE04EC0-301F-11D3-BF4B-00C04F79EFBC}") = "W2L8Ex10", "W2L8Ex10\W2L8Ex10.csproj", "{51F4E99F-B7A7-43DD-B218-58B8A0411501}"
EndProject
Global
	GlobalSection(SolutionConfigurationPlatforms) = preSolution
		Debug|Any CPU = Debug|Any CPU
		Release|Any CPU = Release|Any CPU
	EndGlobalSection
	GlobalSection(ProjectConfigurationPlatforms) = postSolution
		{51F4E99F-B7A7-43DD-B218-58B8A0411501}.Debug|Any CPU.ActiveCfg = Debug|Any CPU
		{51F4E99F-B7A7-43DD-B218-58B8A0411501}.Debug|Any CPU.Build.0 = Debug|Any CPU
		{51F4E99F-B7A7-43DD-B218-58B8A0411501}.Release|Any CPU.ActiveCfg = Release|Any CPU
		{51F4E99F-B7A7-43DD-B218-58B8A0411501}.Release|Any CPU.Build.0 = Release|Any CPU
	EndGlobalSection
	GlobalSection(SolutionProperties) = preSolution
		HideSolutionNode = FALSE
	EndGlobalSection
	GlobalSection(ExtensibilityGlobals) = postSolution
		SolutionGuid = {B52C14A2-3BFD-4F76-A6EF-E2B65A65C123}
	EndGlobalSection
EndGlobal
