
Microsoft Visual Studio Solution File, Format Version 12.00
# Visual Studio Version 17
VisualStudioVersion = 17.3.32929.385
MinimumVisualStudioVersion = 10.0.40219.1
Project("{FAE04EC0-301F-11D3-BF4B-00C04F79EFBC}") = "W2L8E5", "W2L8E5\W2L8E5.csproj", "{FD63C936-71B3-4BC6-9506-926E9D76BCEA}"
EndProject
Global
	GlobalSection(SolutionConfigurationPlatforms) = preSolution
		Debug|Any CPU = Debug|Any CPU
		Release|Any CPU = Release|Any CPU
	EndGlobalSection
	GlobalSection(ProjectConfigurationPlatforms) = postSolution
		{FD63C936-71B3-4BC6-9506-926E9D76BCEA}.Debug|Any CPU.ActiveCfg = Debug|Any CPU
		{FD63C936-71B3-4BC6-9506-926E9D76BCEA}.Debug|Any CPU.Build.0 = Debug|Any CPU
		{FD63C936-71B3-4BC6-9506-926E9D76BCEA}.Release|Any CPU.ActiveCfg = Release|Any CPU
		{FD63C936-71B3-4BC6-9506-926E9D76BCEA}.Release|Any CPU.Build.0 = Release|Any CPU
	EndGlobalSection
	GlobalSection(SolutionProperties) = preSolution
		HideSolutionNode = FALSE
	EndGlobalSection
	GlobalSection(ExtensibilityGlobals) = postSolution
		SolutionGuid = {60E3DD96-51C8-45AF-99A6-D104BE7361F3}
	EndGlobalSection
EndGlobal
