
Microsoft Visual Studio Solution File, Format Version 12.00
# Visual Studio Version 17
VisualStudioVersion = 17.3.32929.385
MinimumVisualStudioVersion = 10.0.40219.1
Project("{FAE04EC0-301F-11D3-BF4B-00C04F79EFBC}") = "W2L8E2", "W2L8E2\W2L8E2.csproj", "{12F9087D-56E8-4412-96A9-ADC841437118}"
EndProject
Global
	GlobalSection(SolutionConfigurationPlatforms) = preSolution
		Debug|Any CPU = Debug|Any CPU
		Release|Any CPU = Release|Any CPU
	EndGlobalSection
	GlobalSection(ProjectConfigurationPlatforms) = postSolution
		{12F9087D-56E8-4412-96A9-ADC841437118}.Debug|Any CPU.ActiveCfg = Debug|Any CPU
		{12F9087D-56E8-4412-96A9-ADC841437118}.Debug|Any CPU.Build.0 = Debug|Any CPU
		{12F9087D-56E8-4412-96A9-ADC841437118}.Release|Any CPU.ActiveCfg = Release|Any CPU
		{12F9087D-56E8-4412-96A9-ADC841437118}.Release|Any CPU.Build.0 = Release|Any CPU
	EndGlobalSection
	GlobalSection(SolutionProperties) = preSolution
		HideSolutionNode = FALSE
	EndGlobalSection
	GlobalSection(ExtensibilityGlobals) = postSolution
		SolutionGuid = {8DAF8F06-9674-43C0-B4C1-A62BB9612CC7}
	EndGlobalSection
EndGlobal
